<?xml version="1.0" encoding="utf-8"?>
<Project ToolsVersion="4.0" xmlns="http://schemas.microsoft.com/developer/msbuild/2003">
  <ItemGroup>
    <Filter Include="Source Files">
      <UniqueIdentifier>{4FC737F1-C7A5-4376-A066-2A32D752A2FF}</UniqueIdentifier>
      <Extensions>cpp;c;cc;cxx;def;odl;idl;hpj;bat;asm;asmx</Extensions>
    </Filter>
    <Filter Include="Header Files">
      <UniqueIdentifier>{93995380-89BD-4b04-88EB-625FBE52EBFB}</UniqueIdentifier>
      <Extensions>h;hh;hpp;hxx;hm;inl;inc;xsd</Extensions>
    </Filter>
    <Filter Include="Resource Files">
      <UniqueIdentifier>{67DA6AB6-F800-4c08-8B7A-83BB121AAD01}</UniqueIdentifier>
      <Extensions>rc;ico;cur;bmp;dlg;rc2;rct;bin;rgs;gif;jpg;jpeg;jpe;resx;tiff;tif;png;wav;mfcribbon-ms</Extensions>
    </Filter>
    <Filter Include="Research">
      <UniqueIdentifier>{1af3cf57-ba7c-4015-8f83-f956453c8f3d}</UniqueIdentifier>
    </Filter>
  </ItemGroup>
  <ItemGroup>
    <ClInclude Include="Territory.h">
      <Filter>Header Files</Filter>
    </ClInclude>
    <ClInclude Include="Board.h">
      <Filter>Header Files</Filter>
    </ClInclude>
    <ClInclude Include="Nation.h">
      <Filter>Header Files</Filter>
    </ClInclude>
    <ClInclude Include="FileIO.h">
      <Filter>Header Files</Filter>
    </ClInclude>
    <ClInclude Include="stdafx.h">
      <Filter>Header Files</Filter>
    </ClInclude>
    <ClInclude Include="Orders.h">
      <Filter>Header Files</Filter>
    </ClInclude>
  </ItemGroup>
  <ItemGroup>
    <ClCompile Include="Territory.cpp">
      <Filter>Source Files</Filter>
    </ClCompile>
    <ClCompile Include="Board.cpp">
      <Filter>Source Files</Filter>
    </ClCompile>
    <ClCompile Include="Nation.cpp">
      <Filter>Source Files</Filter>
    </ClCompile>
    <ClCompile Include="FileIO.cpp">
      <Filter>Source Files</Filter>
    </ClCompile>
    <ClCompile Include="Source.cpp">
      <Filter>Source Files</Filter>
    </ClCompile>
    <ClCompile Include="Orders.cpp">
      <Filter>Source Files</Filter>
    </ClCompile>
  </ItemGroup>
  <ItemGroup>
    <None Include="ClassDiagram.cd" />
    <None Include="..\..\WinDiplom\Common\Diplomacy.vb">
      <Filter>Research</Filter>
    </None>
    <None Include="..\..\WinDiplom\WinDiplom\Board.vb">
      <Filter>Research</Filter>
    </None>
    <None Include="..\..\WinDiplom\WinDiplom\Graphics.vb">
      <Filter>Research</Filter>
    </None>
    <None Include="..\..\WinDiplom\WinDiplom\VertexBuffer.vb">
      <Filter>Research</Filter>
    </None>
    <None Include="..\..\WinDiplom\WinDiplom\Diplom.dip">
      <Filter>Research</Filter>
    </None>
    <None Include="..\glfw-3.2.1.bin.WIN32\glfw-3.2.1.bin.WIN32\lib-vc2015\glfw3.dll" />
    <None Include="..\glew-2.1.0-win32\glew-2.1.0\bin\Release\Win32\glew32.dll" />
    <None Include="packages.config" />
  </ItemGroup>
  <ItemGroup>
    <Xml Include="Diplom.xml" />
  </ItemGroup>
</Project>